
Microsoft Visual Studio Solution File, Format Version 12.00
# Visual Studio Version 16
VisualStudioVersion = 16.0.809.6
MinimumVisualStudioVersion = 10.0.40219.1
Project("{FAE04EC0-301F-11D3-BF4B-00C04F79EFBC}") = "Question2", "Question2\Question2.csproj", "{B197F741-E7DA-4D38-9397-040C617E51A3}"
EndProject
Global
	GlobalSection(SolutionConfigurationPlatforms) = preSolution
		Debug|Any CPU = Debug|Any CPU
		Release|Any CPU = Release|Any CPU
	EndGlobalSection
	GlobalSection(ProjectConfigurationPlatforms) = postSolution
		{B197F741-E7DA-4D38-9397-040C617E51A3}.Debug|Any CPU.ActiveCfg = Debug|Any CPU
		{B197F741-E7DA-4D38-9397-040C617E51A3}.Debug|Any CPU.Build.0 = Debug|Any CPU
		{B197F741-E7DA-4D38-9397-040C617E51A3}.Release|Any CPU.ActiveCfg = Release|Any CPU
		{B197F741-E7DA-4D38-9397-040C617E51A3}.Release|Any CPU.Build.0 = Release|Any CPU
	EndGlobalSection
	GlobalSection(SolutionProperties) = preSolution
		HideSolutionNode = FALSE
	EndGlobalSection
	GlobalSection(ExtensibilityGlobals) = postSolution
		SolutionGuid = {82A27C0F-504B-4186-9783-9C0EF71813D9}
	EndGlobalSection
EndGlobal
