
Microsoft Visual Studio Solution File, Format Version 12.00
# Visual Studio Version 16
VisualStudioVersion = 16.0.809.6
MinimumVisualStudioVersion = 10.0.40219.1
Project("{FAE04EC0-301F-11D3-BF4B-00C04F79EFBC}") = "Question9", "Question9\Question9.csproj", "{505390D2-5EB1-4111-A6DC-39B9382217C4}"
EndProject
Global
	GlobalSection(SolutionConfigurationPlatforms) = preSolution
		Debug|Any CPU = Debug|Any CPU
		Release|Any CPU = Release|Any CPU
	EndGlobalSection
	GlobalSection(ProjectConfigurationPlatforms) = postSolution
		{505390D2-5EB1-4111-A6DC-39B9382217C4}.Debug|Any CPU.ActiveCfg = Debug|Any CPU
		{505390D2-5EB1-4111-A6DC-39B9382217C4}.Debug|Any CPU.Build.0 = Debug|Any CPU
		{505390D2-5EB1-4111-A6DC-39B9382217C4}.Release|Any CPU.ActiveCfg = Release|Any CPU
		{505390D2-5EB1-4111-A6DC-39B9382217C4}.Release|Any CPU.Build.0 = Release|Any CPU
	EndGlobalSection
	GlobalSection(SolutionProperties) = preSolution
		HideSolutionNode = FALSE
	EndGlobalSection
	GlobalSection(ExtensibilityGlobals) = postSolution
		SolutionGuid = {27771EC2-0BBE-44C6-87B7-684B753A31D2}
	EndGlobalSection
EndGlobal
