
Microsoft Visual Studio Solution File, Format Version 12.00
# Visual Studio Version 16
VisualStudioVersion = 16.0.809.6
MinimumVisualStudioVersion = 10.0.40219.1
Project("{FAE04EC0-301F-11D3-BF4B-00C04F79EFBC}") = "Question1", "Question1\Question1.csproj", "{BE78E31C-1784-4C99-B40D-5D93DC7DDE18}"
EndProject
Global
	GlobalSection(SolutionConfigurationPlatforms) = preSolution
		Debug|Any CPU = Debug|Any CPU
		Release|Any CPU = Release|Any CPU
	EndGlobalSection
	GlobalSection(ProjectConfigurationPlatforms) = postSolution
		{BE78E31C-1784-4C99-B40D-5D93DC7DDE18}.Debug|Any CPU.ActiveCfg = Debug|Any CPU
		{BE78E31C-1784-4C99-B40D-5D93DC7DDE18}.Debug|Any CPU.Build.0 = Debug|Any CPU
		{BE78E31C-1784-4C99-B40D-5D93DC7DDE18}.Release|Any CPU.ActiveCfg = Release|Any CPU
		{BE78E31C-1784-4C99-B40D-5D93DC7DDE18}.Release|Any CPU.Build.0 = Release|Any CPU
	EndGlobalSection
	GlobalSection(SolutionProperties) = preSolution
		HideSolutionNode = FALSE
	EndGlobalSection
	GlobalSection(ExtensibilityGlobals) = postSolution
		SolutionGuid = {276C6958-CE51-4DEA-B747-7AB0503158A7}
	EndGlobalSection
EndGlobal
